
Microsoft Visual Studio Solution File, Format Version 12.00
# Visual Studio Version 16
VisualStudioVersion = 16.0.31702.278
MinimumVisualStudioVersion = 10.0.40219.1
Project("{FAE04EC0-301F-11D3-BF4B-00C04F79EFBC}") = "Email", "Email.csproj", "{3E3E63BD-E25D-4EC6-BFB3-5F41170631C5}"
EndProject
Global
	GlobalSection(SolutionConfigurationPlatforms) = preSolution
		Debug|Any CPU = Debug|Any CPU
		Release|Any CPU = Release|Any CPU
	EndGlobalSection
	GlobalSection(ProjectConfigurationPlatforms) = postSolution
		{3E3E63BD-E25D-4EC6-BFB3-5F41170631C5}.Debug|Any CPU.ActiveCfg = Debug|Any CPU
		{3E3E63BD-E25D-4EC6-BFB3-5F41170631C5}.Debug|Any CPU.Build.0 = Debug|Any CPU
		{3E3E63BD-E25D-4EC6-BFB3-5F41170631C5}.Release|Any CPU.ActiveCfg = Release|Any CPU
		{3E3E63BD-E25D-4EC6-BFB3-5F41170631C5}.Release|Any CPU.Build.0 = Release|Any CPU
	EndGlobalSection
	GlobalSection(SolutionProperties) = preSolution
		HideSolutionNode = FALSE
	EndGlobalSection
	GlobalSection(ExtensibilityGlobals) = postSolution
		SolutionGuid = {04FE8E07-A12F-4487-A97D-384A8231D829}
	EndGlobalSection
EndGlobal
